
Microsoft Visual Studio Solution File, Format Version 12.00
# Visual Studio Version 16
VisualStudioVersion = 16.0.32126.315
MinimumVisualStudioVersion = 10.0.40219.1
Project("{9A19103F-16F7-4668-BE54-9A1E7A4F7556}") = "HelloWorldApp", "HelloWorldApp\HelloWorldApp.csproj", "{574EE00C-B575-4044-B5AB-A60A6EF44A20}"
EndProject
Project("{9A19103F-16F7-4668-BE54-9A1E7A4F7556}") = "ExceptionExample", "ExceptionExample\ExceptionExample.csproj", "{FF98BE53-405D-4E3C-AC9C-E9C3D24C40F3}"
EndProject
Project("{FAE04EC0-301F-11D3-BF4B-00C04F79EFBC}") = "ConsoleApp1", "ConsoleApp1\ConsoleApp1.csproj", "{29A88BEE-1F24-4331-AD0E-CEDE30D996AA}"
EndProject
Project("{9A19103F-16F7-4668-BE54-9A1E7A4F7556}") = "ClassLibrary1", "ClassLibrary1\ClassLibrary1.csproj", "{2AA7359D-FB48-4A22-AA8A-26D66EBC3478}"
EndProject
Project("{FAE04EC0-301F-11D3-BF4B-00C04F79EFBC}") = "HRApp2", "HRApp2\HRApp2.csproj", "{58311051-777B-4D72-B248-A801BA7E3111}"
EndProject
Project("{FAE04EC0-301F-11D3-BF4B-00C04F79EFBC}") = "HRLib2", "HRLib2\HRLib2.csproj", "{90BCD075-7F66-4ECC-8051-8616CA94C9A7}"
EndProject
Project("{FAE04EC0-301F-11D3-BF4B-00C04F79EFBC}") = "GraphicLibClass", "GraphicLibClass\GraphicLibClass.csproj", "{B7D63018-2058-40EE-A524-551F3FFF9335}"
EndProject
Project("{FAE04EC0-301F-11D3-BF4B-00C04F79EFBC}") = "GrapicsApp", "GrapicsApp\GrapicsApp.csproj", "{71EBE393-8D45-45A1-A57D-24484305EB2F}"
EndProject
Project("{FAE04EC0-301F-11D3-BF4B-00C04F79EFBC}") = "Basic Programs", "Basic Programs\Basic Programs.csproj", "{E6F0763C-B63A-4B2C-8769-88A3BB228C52}"
EndProject
Project("{FAE04EC0-301F-11D3-BF4B-00C04F79EFBC}") = "IOFileHandling", "IOFileHandling\IOFileHandling.csproj", "{79D01902-8CFF-4763-ACB4-B92B9EEC2F02}"
EndProject
Project("{FAE04EC0-301F-11D3-BF4B-00C04F79EFBC}") = "Delegate", "Delegate\Delegate.csproj", "{2CEC8AF0-C15C-453F-AA0D-E2D2D4533640}"
EndProject
Project("{FAE04EC0-301F-11D3-BF4B-00C04F79EFBC}") = "IndexerDemo", "IndexerDemo\IndexerDemo.csproj", "{EB68D73A-9ACC-4EA7-82E2-34B6A906902C}"
EndProject
Project("{FAE04EC0-301F-11D3-BF4B-00C04F79EFBC}") = "Infix to prefix", "Infix to prefix\Infix to prefix.csproj", "{4560318F-5D0C-4B35-99F1-AC76C3C6E41B}"
EndProject
Project("{FAE04EC0-301F-11D3-BF4B-00C04F79EFBC}") = "Event Example", "Event Example\Event Example.csproj", "{1866F1A8-0DCE-4E70-B732-B20DCCDF2BEF}"
EndProject
Project("{FAE04EC0-301F-11D3-BF4B-00C04F79EFBC}") = "Reflection", "Reflection\Reflection.csproj", "{3AF9D1F3-1022-45A7-A4B4-BE96F45B1ED0}"
EndProject
Project("{FAE04EC0-301F-11D3-BF4B-00C04F79EFBC}") = "ClonnigApp", "ClonnigApp\ClonnigApp.csproj", "{1B1700FE-60E1-4685-A136-B435E776DECA}"
EndProject
Project("{FAE04EC0-301F-11D3-BF4B-00C04F79EFBC}") = "Collection", "Collection\Collection.csproj", "{1612E3D5-5E76-4EBA-A02B-636B06BBCC40}"
EndProject
Project("{FAE04EC0-301F-11D3-BF4B-00C04F79EFBC}") = "GarbageCollectorDemo", "GarbageCollectorDemo\GarbageCollectorDemo.csproj", "{08EAF1B5-4987-4FBA-AF49-97F05323081B}"
EndProject
Global
	GlobalSection(SolutionConfigurationPlatforms) = preSolution
		Debug|Any CPU = Debug|Any CPU
		Release|Any CPU = Release|Any CPU
	EndGlobalSection
	GlobalSection(ProjectConfigurationPlatforms) = postSolution
		{574EE00C-B575-4044-B5AB-A60A6EF44A20}.Debug|Any CPU.ActiveCfg = Debug|Any CPU
		{574EE00C-B575-4044-B5AB-A60A6EF44A20}.Debug|Any CPU.Build.0 = Debug|Any CPU
		{574EE00C-B575-4044-B5AB-A60A6EF44A20}.Release|Any CPU.ActiveCfg = Release|Any CPU
		{574EE00C-B575-4044-B5AB-A60A6EF44A20}.Release|Any CPU.Build.0 = Release|Any CPU
		{FF98BE53-405D-4E3C-AC9C-E9C3D24C40F3}.Debug|Any CPU.ActiveCfg = Debug|Any CPU
		{FF98BE53-405D-4E3C-AC9C-E9C3D24C40F3}.Debug|Any CPU.Build.0 = Debug|Any CPU
		{FF98BE53-405D-4E3C-AC9C-E9C3D24C40F3}.Release|Any CPU.ActiveCfg = Release|Any CPU
		{FF98BE53-405D-4E3C-AC9C-E9C3D24C40F3}.Release|Any CPU.Build.0 = Release|Any CPU
		{29A88BEE-1F24-4331-AD0E-CEDE30D996AA}.Debug|Any CPU.ActiveCfg = Debug|Any CPU
		{29A88BEE-1F24-4331-AD0E-CEDE30D996AA}.Debug|Any CPU.Build.0 = Debug|Any CPU
		{29A88BEE-1F24-4331-AD0E-CEDE30D996AA}.Release|Any CPU.ActiveCfg = Release|Any CPU
		{29A88BEE-1F24-4331-AD0E-CEDE30D996AA}.Release|Any CPU.Build.0 = Release|Any CPU
		{2AA7359D-FB48-4A22-AA8A-26D66EBC3478}.Debug|Any CPU.ActiveCfg = Debug|Any CPU
		{2AA7359D-FB48-4A22-AA8A-26D66EBC3478}.Debug|Any CPU.Build.0 = Debug|Any CPU
		{2AA7359D-FB48-4A22-AA8A-26D66EBC3478}.Release|Any CPU.ActiveCfg = Release|Any CPU
		{2AA7359D-FB48-4A22-AA8A-26D66EBC3478}.Release|Any CPU.Build.0 = Release|Any CPU
		{58311051-777B-4D72-B248-A801BA7E3111}.Debug|Any CPU.ActiveCfg = Debug|Any CPU
		{58311051-777B-4D72-B248-A801BA7E3111}.Debug|Any CPU.Build.0 = Debug|Any CPU
		{58311051-777B-4D72-B248-A801BA7E3111}.Release|Any CPU.ActiveCfg = Release|Any CPU
		{58311051-777B-4D72-B248-A801BA7E3111}.Release|Any CPU.Build.0 = Release|Any CPU
		{90BCD075-7F66-4ECC-8051-8616CA94C9A7}.Debug|Any CPU.ActiveCfg = Debug|Any CPU
		{90BCD075-7F66-4ECC-8051-8616CA94C9A7}.Debug|Any CPU.Build.0 = Debug|Any CPU
		{90BCD075-7F66-4ECC-8051-8616CA94C9A7}.Release|Any CPU.ActiveCfg = Release|Any CPU
		{90BCD075-7F66-4ECC-8051-8616CA94C9A7}.Release|Any CPU.Build.0 = Release|Any CPU
		{B7D63018-2058-40EE-A524-551F3FFF9335}.Debug|Any CPU.ActiveCfg = Debug|Any CPU
		{B7D63018-2058-40EE-A524-551F3FFF9335}.Debug|Any CPU.Build.0 = Debug|Any CPU
		{B7D63018-2058-40EE-A524-551F3FFF9335}.Release|Any CPU.ActiveCfg = Release|Any CPU
		{B7D63018-2058-40EE-A524-551F3FFF9335}.Release|Any CPU.Build.0 = Release|Any CPU
		{71EBE393-8D45-45A1-A57D-24484305EB2F}.Debug|Any CPU.ActiveCfg = Debug|Any CPU
		{71EBE393-8D45-45A1-A57D-24484305EB2F}.Debug|Any CPU.Build.0 = Debug|Any CPU
		{71EBE393-8D45-45A1-A57D-24484305EB2F}.Release|Any CPU.ActiveCfg = Release|Any CPU
		{71EBE393-8D45-45A1-A57D-24484305EB2F}.Release|Any CPU.Build.0 = Release|Any CPU
		{E6F0763C-B63A-4B2C-8769-88A3BB228C52}.Debug|Any CPU.ActiveCfg = Debug|Any CPU
		{E6F0763C-B63A-4B2C-8769-88A3BB228C52}.Debug|Any CPU.Build.0 = Debug|Any CPU
		{E6F0763C-B63A-4B2C-8769-88A3BB228C52}.Release|Any CPU.ActiveCfg = Release|Any CPU
		{E6F0763C-B63A-4B2C-8769-88A3BB228C52}.Release|Any CPU.Build.0 = Release|Any CPU
		{79D01902-8CFF-4763-ACB4-B92B9EEC2F02}.Debug|Any CPU.ActiveCfg = Debug|Any CPU
		{79D01902-8CFF-4763-ACB4-B92B9EEC2F02}.Debug|Any CPU.Build.0 = Debug|Any CPU
		{79D01902-8CFF-4763-ACB4-B92B9EEC2F02}.Release|Any CPU.ActiveCfg = Release|Any CPU
		{79D01902-8CFF-4763-ACB4-B92B9EEC2F02}.Release|Any CPU.Build.0 = Release|Any CPU
		{2CEC8AF0-C15C-453F-AA0D-E2D2D4533640}.Debug|Any CPU.ActiveCfg = Debug|Any CPU
		{2CEC8AF0-C15C-453F-AA0D-E2D2D4533640}.Debug|Any CPU.Build.0 = Debug|Any CPU
		{2CEC8AF0-C15C-453F-AA0D-E2D2D4533640}.Release|Any CPU.ActiveCfg = Release|Any CPU
		{2CEC8AF0-C15C-453F-AA0D-E2D2D4533640}.Release|Any CPU.Build.0 = Release|Any CPU
		{EB68D73A-9ACC-4EA7-82E2-34B6A906902C}.Debug|Any CPU.ActiveCfg = Debug|Any CPU
		{EB68D73A-9ACC-4EA7-82E2-34B6A906902C}.Debug|Any CPU.Build.0 = Debug|Any CPU
		{EB68D73A-9ACC-4EA7-82E2-34B6A906902C}.Release|Any CPU.ActiveCfg = Release|Any CPU
		{EB68D73A-9ACC-4EA7-82E2-34B6A906902C}.Release|Any CPU.Build.0 = Release|Any CPU
		{4560318F-5D0C-4B35-99F1-AC76C3C6E41B}.Debug|Any CPU.ActiveCfg = Debug|Any CPU
		{4560318F-5D0C-4B35-99F1-AC76C3C6E41B}.Debug|Any CPU.Build.0 = Debug|Any CPU
		{4560318F-5D0C-4B35-99F1-AC76C3C6E41B}.Release|Any CPU.ActiveCfg = Release|Any CPU
		{4560318F-5D0C-4B35-99F1-AC76C3C6E41B}.Release|Any CPU.Build.0 = Release|Any CPU
		{1866F1A8-0DCE-4E70-B732-B20DCCDF2BEF}.Debug|Any CPU.ActiveCfg = Debug|Any CPU
		{1866F1A8-0DCE-4E70-B732-B20DCCDF2BEF}.Debug|Any CPU.Build.0 = Debug|Any CPU
		{1866F1A8-0DCE-4E70-B732-B20DCCDF2BEF}.Release|Any CPU.ActiveCfg = Release|Any CPU
		{1866F1A8-0DCE-4E70-B732-B20DCCDF2BEF}.Release|Any CPU.Build.0 = Release|Any CPU
		{3AF9D1F3-1022-45A7-A4B4-BE96F45B1ED0}.Debug|Any CPU.ActiveCfg = Debug|Any CPU
		{3AF9D1F3-1022-45A7-A4B4-BE96F45B1ED0}.Debug|Any CPU.Build.0 = Debug|Any CPU
		{3AF9D1F3-1022-45A7-A4B4-BE96F45B1ED0}.Release|Any CPU.ActiveCfg = Release|Any CPU
		{3AF9D1F3-1022-45A7-A4B4-BE96F45B1ED0}.Release|Any CPU.Build.0 = Release|Any CPU
		{1B1700FE-60E1-4685-A136-B435E776DECA}.Debug|Any CPU.ActiveCfg = Debug|Any CPU
		{1B1700FE-60E1-4685-A136-B435E776DECA}.Debug|Any CPU.Build.0 = Debug|Any CPU
		{1B1700FE-60E1-4685-A136-B435E776DECA}.Release|Any CPU.ActiveCfg = Release|Any CPU
		{1B1700FE-60E1-4685-A136-B435E776DECA}.Release|Any CPU.Build.0 = Release|Any CPU
		{1612E3D5-5E76-4EBA-A02B-636B06BBCC40}.Debug|Any CPU.ActiveCfg = Debug|Any CPU
		{1612E3D5-5E76-4EBA-A02B-636B06BBCC40}.Debug|Any CPU.Build.0 = Debug|Any CPU
		{1612E3D5-5E76-4EBA-A02B-636B06BBCC40}.Release|Any CPU.ActiveCfg = Release|Any CPU
		{1612E3D5-5E76-4EBA-A02B-636B06BBCC40}.Release|Any CPU.Build.0 = Release|Any CPU
		{08EAF1B5-4987-4FBA-AF49-97F05323081B}.Debug|Any CPU.ActiveCfg = Debug|Any CPU
		{08EAF1B5-4987-4FBA-AF49-97F05323081B}.Debug|Any CPU.Build.0 = Debug|Any CPU
		{08EAF1B5-4987-4FBA-AF49-97F05323081B}.Release|Any CPU.ActiveCfg = Release|Any CPU
		{08EAF1B5-4987-4FBA-AF49-97F05323081B}.Release|Any CPU.Build.0 = Release|Any CPU
	EndGlobalSection
	GlobalSection(SolutionProperties) = preSolution
		HideSolutionNode = FALSE
	EndGlobalSection
	GlobalSection(ExtensibilityGlobals) = postSolution
		SolutionGuid = {477CE0A5-F484-4DB6-A972-F40090CCC70A}
	EndGlobalSection
EndGlobal
