
Microsoft Visual Studio Solution File, Format Version 12.00
# Visual Studio Version 16
VisualStudioVersion = 16.0.32126.315
MinimumVisualStudioVersion = 10.0.40219.1
Project("{FAE04EC0-301F-11D3-BF4B-00C04F79EFBC}") = "DataBase", "DataBase\DataBase.csproj", "{125FF661-571C-439B-85D7-37CC8F1CB70E}"
EndProject
Global
	GlobalSection(SolutionConfigurationPlatforms) = preSolution
		Debug|Any CPU = Debug|Any CPU
		Release|Any CPU = Release|Any CPU
	EndGlobalSection
	GlobalSection(ProjectConfigurationPlatforms) = postSolution
		{125FF661-571C-439B-85D7-37CC8F1CB70E}.Debug|Any CPU.ActiveCfg = Debug|Any CPU
		{125FF661-571C-439B-85D7-37CC8F1CB70E}.Debug|Any CPU.Build.0 = Debug|Any CPU
		{125FF661-571C-439B-85D7-37CC8F1CB70E}.Release|Any CPU.ActiveCfg = Release|Any CPU
		{125FF661-571C-439B-85D7-37CC8F1CB70E}.Release|Any CPU.Build.0 = Release|Any CPU
	EndGlobalSection
	GlobalSection(SolutionProperties) = preSolution
		HideSolutionNode = FALSE
	EndGlobalSection
	GlobalSection(ExtensibilityGlobals) = postSolution
		SolutionGuid = {6F66D817-C9BA-4450-BF30-5A4038A0CC6E}
	EndGlobalSection
EndGlobal
